
Microsoft Visual Studio Solution File, Format Version 12.00
# Visual Studio Version 17
VisualStudioVersion = 17.2.32630.192
MinimumVisualStudioVersion = 10.0.40219.1
Project("{FAE04EC0-301F-11D3-BF4B-00C04F79EFBC}") = "Fastfood", "Fastfood\Fastfood.csproj", "{5723DE74-68AF-4819-A1D8-C4776235A93F}"
EndProject
Global
	GlobalSection(SolutionConfigurationPlatforms) = preSolution
		Debug|Any CPU = Debug|Any CPU
		Release|Any CPU = Release|Any CPU
	EndGlobalSection
	GlobalSection(ProjectConfigurationPlatforms) = postSolution
		{5723DE74-68AF-4819-A1D8-C4776235A93F}.Debug|Any CPU.ActiveCfg = Debug|Any CPU
		{5723DE74-68AF-4819-A1D8-C4776235A93F}.Debug|Any CPU.Build.0 = Debug|Any CPU
		{5723DE74-68AF-4819-A1D8-C4776235A93F}.Release|Any CPU.ActiveCfg = Release|Any CPU
		{5723DE74-68AF-4819-A1D8-C4776235A93F}.Release|Any CPU.Build.0 = Release|Any CPU
	EndGlobalSection
	GlobalSection(SolutionProperties) = preSolution
		HideSolutionNode = FALSE
	EndGlobalSection
	GlobalSection(ExtensibilityGlobals) = postSolution
		SolutionGuid = {8EE65146-A9F4-40A1-9DB7-AD03CEADD269}
	EndGlobalSection
EndGlobal
